
Microsoft Visual Studio Solution File, Format Version 12.00
# Visual Studio Version 17
VisualStudioVersion = 17.4.33122.133
MinimumVisualStudioVersion = 10.0.40219.1
Project("{FAE04EC0-301F-11D3-BF4B-00C04F79EFBC}") = "MatchPrediction", "MatchPrediction\MatchPrediction.csproj", "{10D661BE-6AE1-4205-915F-A4C96BF12993}"
EndProject
Global
	GlobalSection(SolutionConfigurationPlatforms) = preSolution
		Debug|Any CPU = Debug|Any CPU
		Release|Any CPU = Release|Any CPU
	EndGlobalSection
	GlobalSection(ProjectConfigurationPlatforms) = postSolution
		{10D661BE-6AE1-4205-915F-A4C96BF12993}.Debug|Any CPU.ActiveCfg = Debug|Any CPU
		{10D661BE-6AE1-4205-915F-A4C96BF12993}.Debug|Any CPU.Build.0 = Debug|Any CPU
		{10D661BE-6AE1-4205-915F-A4C96BF12993}.Release|Any CPU.ActiveCfg = Release|Any CPU
		{10D661BE-6AE1-4205-915F-A4C96BF12993}.Release|Any CPU.Build.0 = Release|Any CPU
	EndGlobalSection
	GlobalSection(SolutionProperties) = preSolution
		HideSolutionNode = FALSE
	EndGlobalSection
	GlobalSection(ExtensibilityGlobals) = postSolution
		SolutionGuid = {28E3B877-E068-4343-BC03-BF99C11E6F3B}
	EndGlobalSection
EndGlobal
